{
  "name": "2fa-kit-example-server-node",
  "version": "1.0.0",
  "lockfileVersion": 3,
  "requires": true,
  "packages": {
    "": {
      "name": "2fa-kit-example-server-node",
      "version": "1.0.0",
      "dependencies": {
        "2fa-kit": "^1.0.1"
      },
      "engines": {
        "node": ">=20"
      }
    },
    "node_modules/2fa-kit": {
      "version": "1.0.1",
      "resolved": "https://registry.npmjs.org/2fa-kit/-/2fa-kit-1.0.1.tgz",
      "integrity": "sha512-xSfXvslo971g8xtUAXM6ErzkbtUkEfXmYrgRu1Fmi9tmJEg/qF4YpS99Q2Xn6HQqcnCmYbZPwmNJlF5k4G5j6w==",
      "license": "MIT",
      "engines": {
        "node": ">=20"
      }
    }
  }
}
